// !$*UTF8*$!
{
	archiveVersion = 1;
	classes = {
	};
	objectVersion = 55;
	objects = {

/* Begin PBXBuildFile section */
		5C412E33377F2F8A435DFD80 /* Pods_SweaterShopDemo.framework in Frameworks */ = {isa = PBXBuildFile; fileRef = DCB51262822E21E04076A010 /* Pods_SweaterShopDemo.framework */; };
		DE1F05B4289A4CA100F29A96 /* PokemonViewModel.swift in Sources */ = {isa = PBXBuildFile; fileRef = DE1F05B3289A4CA100F29A96 /* PokemonViewModel.swift */; };
		DE1F05BB289A4CAC00F29A96 /* PokeDetailView.swift in Sources */ = {isa = PBXBuildFile; fileRef = DE1F05B5289A4CAB00F29A96 /* PokeDetailView.swift */; };
		DE1F05BC289A4CAC00F29A96 /* ProgressBar.swift in Sources */ = {isa = PBXBuildFile; fileRef = DE1F05B6289A4CAB00F29A96 /* ProgressBar.swift */; };
		DE1F05BD289A4CAC00F29A96 /* PokedexView.swift in Sources */ = {isa = PBXBuildFile; fileRef = DE1F05B7289A4CAB00F29A96 /* PokedexView.swift */; };
		DE1F05BF289A4CAC00F29A96 /* ProgressBarRow.swift in Sources */ = {isa = PBXBuildFile; fileRef = DE1F05B9289A4CAC00F29A96 /* ProgressBarRow.swift */; };
		DE1F05C0289A4CAC00F29A96 /* PokemonCell.swift in Sources */ = {isa = PBXBuildFile; fileRef = DE1F05BA289A4CAC00F29A96 /* PokemonCell.swift */; };
		DE1F05C2289A4CB800F29A96 /* Pokemon.swift in Sources */ = {isa = PBXBuildFile; fileRef = DE1F05C1289A4CB700F29A96 /* Pokemon.swift */; };
		DE25BA782897F88800306CF6 /* GoogleService-Info.plist in Resources */ = {isa = PBXBuildFile; fileRef = DE25BA772897F88800306CF6 /* GoogleService-Info.plist */; };
		DE53F90F28967F50008755FB /* PokeShop.swift in Sources */ = {isa = PBXBuildFile; fileRef = DE53F90E28967F50008755FB /* PokeShop.swift */; };
		DE53F91128967F50008755FB /* ContentView.swift in Sources */ = {isa = PBXBuildFile; fileRef = DE53F91028967F50008755FB /* ContentView.swift */; };
		DE53F91328967F53008755FB /* Assets.xcassets in Resources */ = {isa = PBXBuildFile; fileRef = DE53F91228967F53008755FB /* Assets.xcassets */; };
		DE53F91628967F53008755FB /* Preview Assets.xcassets in Resources */ = {isa = PBXBuildFile; fileRef = DE53F91528967F53008755FB /* Preview Assets.xcassets */; };
		DE53F91E28968012008755FB /* Item.swift in Sources */ = {isa = PBXBuildFile; fileRef = DE53F91D28968012008755FB /* Item.swift */; };
		DE53F921289680B9008755FB /* ProductCard.swift in Sources */ = {isa = PBXBuildFile; fileRef = DE53F920289680B9008755FB /* ProductCard.swift */; };
		DE53F924289683C8008755FB /* CartButton.swift in Sources */ = {isa = PBXBuildFile; fileRef = DE53F923289683C8008755FB /* CartButton.swift */; };
		DE53F927289684AB008755FB /* CartView.swift in Sources */ = {isa = PBXBuildFile; fileRef = DE53F926289684AB008755FB /* CartView.swift */; };
		DE53F9292896864C008755FB /* CartManager.swift in Sources */ = {isa = PBXBuildFile; fileRef = DE53F9282896864C008755FB /* CartManager.swift */; };
		DE53F92B2896883B008755FB /* ProductRow.swift in Sources */ = {isa = PBXBuildFile; fileRef = DE53F92A2896883B008755FB /* ProductRow.swift */; };
		DE54711F289D03E100C52405 /* SideMenu.swift in Sources */ = {isa = PBXBuildFile; fileRef = DE54711E289D03E100C52405 /* SideMenu.swift */; };
		DE705343289AAD480070B5CE /* SDWebImageSwiftUI in Frameworks */ = {isa = PBXBuildFile; productRef = DE705342289AAD480070B5CE /* SDWebImageSwiftUI */; };
		DE705346289AAD5A0070B5CE /* Kingfisher in Frameworks */ = {isa = PBXBuildFile; productRef = DE705345289AAD5A0070B5CE /* Kingfisher */; };
		DE70534E289BC8140070B5CE /* ItemDetailView.swift in Sources */ = {isa = PBXBuildFile; fileRef = DE70534D289BC8140070B5CE /* ItemDetailView.swift */; };
		DEC04198289A3A3800C6A414 /* pokegif.gif in Resources */ = {isa = PBXBuildFile; fileRef = DEC04197289A3A3800C6A414 /* pokegif.gif */; };
		DEC058AA2898F3E90021202B /* AppViewModel.swift in Sources */ = {isa = PBXBuildFile; fileRef = DEC058A92898F3E90021202B /* AppViewModel.swift */; };
		DEC058AC289929EB0021202B /* LoginView.swift in Sources */ = {isa = PBXBuildFile; fileRef = DEC058AB289929EB0021202B /* LoginView.swift */; };
		DEFFE76128A0CD2F009CCFED /* Cart.swift in Sources */ = {isa = PBXBuildFile; fileRef = DEFFE76028A0CD2F009CCFED /* Cart.swift */; };
/* End PBXBuildFile section */

/* Begin PBXFileReference section */
		2A3E047FF9510178EE042890 /* Pods-SweaterShopDemo.debug.xcconfig */ = {isa = PBXFileReference; includeInIndex = 1; lastKnownFileType = text.xcconfig; name = "Pods-SweaterShopDemo.debug.xcconfig"; path = "Target Support Files/Pods-SweaterShopDemo/Pods-SweaterShopDemo.debug.xcconfig"; sourceTree = "<group>"; };
		95120BBB7482CD01E5096102 /* Pods-SweaterShopDemo.release.xcconfig */ = {isa = PBXFileReference; includeInIndex = 1; lastKnownFileType = text.xcconfig; name = "Pods-SweaterShopDemo.release.xcconfig"; path = "Target Support Files/Pods-SweaterShopDemo/Pods-SweaterShopDemo.release.xcconfig"; sourceTree = "<group>"; };
		DCB51262822E21E04076A010 /* Pods_SweaterShopDemo.framework */ = {isa = PBXFileReference; explicitFileType = wrapper.framework; includeInIndex = 0; path = Pods_SweaterShopDemo.framework; sourceTree = BUILT_PRODUCTS_DIR; };
		DE1F05B3289A4CA100F29A96 /* PokemonViewModel.swift */ = {isa = PBXFileReference; fileEncoding = 4; lastKnownFileType = sourcecode.swift; path = PokemonViewModel.swift; sourceTree = "<group>"; };
		DE1F05B5289A4CAB00F29A96 /* PokeDetailView.swift */ = {isa = PBXFileReference; fileEncoding = 4; lastKnownFileType = sourcecode.swift; path = PokeDetailView.swift; sourceTree = "<group>"; };
		DE1F05B6289A4CAB00F29A96 /* ProgressBar.swift */ = {isa = PBXFileReference; fileEncoding = 4; lastKnownFileType = sourcecode.swift; path = ProgressBar.swift; sourceTree = "<group>"; };
		DE1F05B7289A4CAB00F29A96 /* PokedexView.swift */ = {isa = PBXFileReference; fileEncoding = 4; lastKnownFileType = sourcecode.swift; path = PokedexView.swift; sourceTree = "<group>"; };
		DE1F05B9289A4CAC00F29A96 /* ProgressBarRow.swift */ = {isa = PBXFileReference; fileEncoding = 4; lastKnownFileType = sourcecode.swift; path = ProgressBarRow.swift; sourceTree = "<group>"; };
		DE1F05BA289A4CAC00F29A96 /* PokemonCell.swift */ = {isa = PBXFileReference; fileEncoding = 4; lastKnownFileType = sourcecode.swift; path = PokemonCell.swift; sourceTree = "<group>"; };
		DE1F05C1289A4CB700F29A96 /* Pokemon.swift */ = {isa = PBXFileReference; fileEncoding = 4; lastKnownFileType = sourcecode.swift; path = Pokemon.swift; sourceTree = "<group>"; };
		DE25BA772897F88800306CF6 /* GoogleService-Info.plist */ = {isa = PBXFileReference; fileEncoding = 4; lastKnownFileType = text.plist.xml; path = "GoogleService-Info.plist"; sourceTree = "<group>"; };
		DE53F90B28967F50008755FB /* PokeShop.app */ = {isa = PBXFileReference; explicitFileType = wrapper.application; includeInIndex = 0; path = PokeShop.app; sourceTree = BUILT_PRODUCTS_DIR; };
		DE53F90E28967F50008755FB /* PokeShop.swift */ = {isa = PBXFileReference; lastKnownFileType = sourcecode.swift; path = PokeShop.swift; sourceTree = "<group>"; };
		DE53F91028967F50008755FB /* ContentView.swift */ = {isa = PBXFileReference; lastKnownFileType = sourcecode.swift; path = ContentView.swift; sourceTree = "<group>"; };
		DE53F91228967F53008755FB /* Assets.xcassets */ = {isa = PBXFileReference; lastKnownFileType = folder.assetcatalog; path = Assets.xcassets; sourceTree = "<group>"; };
		DE53F91528967F53008755FB /* Preview Assets.xcassets */ = {isa = PBXFileReference; lastKnownFileType = folder.assetcatalog; path = "Preview Assets.xcassets"; sourceTree = "<group>"; };
		DE53F91D28968012008755FB /* Item.swift */ = {isa = PBXFileReference; lastKnownFileType = sourcecode.swift; path = Item.swift; sourceTree = "<group>"; };
		DE53F920289680B9008755FB /* ProductCard.swift */ = {isa = PBXFileReference; lastKnownFileType = sourcecode.swift; path = ProductCard.swift; sourceTree = "<group>"; };
		DE53F923289683C8008755FB /* CartButton.swift */ = {isa = PBXFileReference; lastKnownFileType = sourcecode.swift; path = CartButton.swift; sourceTree = "<group>"; };
		DE53F926289684AB008755FB /* CartView.swift */ = {isa = PBXFileReference; lastKnownFileType = sourcecode.swift; path = CartView.swift; sourceTree = "<group>"; };
		DE53F9282896864C008755FB /* CartManager.swift */ = {isa = PBXFileReference; lastKnownFileType = sourcecode.swift; path = CartManager.swift; sourceTree = "<group>"; };
		DE53F92A2896883B008755FB /* ProductRow.swift */ = {isa = PBXFileReference; lastKnownFileType = sourcecode.swift; path = ProductRow.swift; sourceTree = "<group>"; };
		DE54711E289D03E100C52405 /* SideMenu.swift */ = {isa = PBXFileReference; lastKnownFileType = sourcecode.swift; path = SideMenu.swift; sourceTree = "<group>"; };
		DE70534D289BC8140070B5CE /* ItemDetailView.swift */ = {isa = PBXFileReference; lastKnownFileType = sourcecode.swift; path = ItemDetailView.swift; sourceTree = "<group>"; };
		DEC04197289A3A3800C6A414 /* pokegif.gif */ = {isa = PBXFileReference; lastKnownFileType = image.gif; path = pokegif.gif; sourceTree = "<group>"; };
		DEC0419C289A3C1000C6A414 /* Info.plist */ = {isa = PBXFileReference; lastKnownFileType = text.plist; path = Info.plist; sourceTree = "<group>"; };
		DEC058A92898F3E90021202B /* AppViewModel.swift */ = {isa = PBXFileReference; lastKnownFileType = sourcecode.swift; path = AppViewModel.swift; sourceTree = "<group>"; };
		DEC058AB289929EB0021202B /* LoginView.swift */ = {isa = PBXFileReference; lastKnownFileType = sourcecode.swift; path = LoginView.swift; sourceTree = "<group>"; };
		DEFFE76028A0CD2F009CCFED /* Cart.swift */ = {isa = PBXFileReference; lastKnownFileType = sourcecode.swift; path = Cart.swift; sourceTree = "<group>"; };
/* End PBXFileReference section */

/* Begin PBXFrameworksBuildPhase section */
		DE53F90828967F50008755FB /* Frameworks */ = {
			isa = PBXFrameworksBuildPhase;
			buildActionMask = 2147483647;
			files = (
				DE705346289AAD5A0070B5CE /* Kingfisher in Frameworks */,
				DE705343289AAD480070B5CE /* SDWebImageSwiftUI in Frameworks */,
				5C412E33377F2F8A435DFD80 /* Pods_SweaterShopDemo.framework in Frameworks */,
			);
			runOnlyForDeploymentPostprocessing = 0;
		};
/* End PBXFrameworksBuildPhase section */

/* Begin PBXGroup section */
		96E4A44F2074E62FD0896CC2 /* Pods */ = {
			isa = PBXGroup;
			children = (
				2A3E047FF9510178EE042890 /* Pods-SweaterShopDemo.debug.xcconfig */,
				95120BBB7482CD01E5096102 /* Pods-SweaterShopDemo.release.xcconfig */,
			);
			path = Pods;
			sourceTree = "<group>";
		};
		DE1F05B2289A4C7A00F29A96 /* InfoViews */ = {
			isa = PBXGroup;
			children = (
				DE1F05B5289A4CAB00F29A96 /* PokeDetailView.swift */,
				DE1F05B7289A4CAB00F29A96 /* PokedexView.swift */,
				DE54711D289CEDAD00C52405 /* InfoComponents */,
			);
			path = InfoViews;
			sourceTree = "<group>";
		};
		DE53F90228967F50008755FB = {
			isa = PBXGroup;
			children = (
				DE53F90D28967F50008755FB /* PokeShop */,
				DE53F90C28967F50008755FB /* Products */,
				96E4A44F2074E62FD0896CC2 /* Pods */,
				DF324610A0BC653CE2978F3C /* Frameworks */,
			);
			sourceTree = "<group>";
		};
		DE53F90C28967F50008755FB /* Products */ = {
			isa = PBXGroup;
			children = (
				DE53F90B28967F50008755FB /* PokeShop.app */,
			);
			name = Products;
			sourceTree = "<group>";
		};
		DE53F90D28967F50008755FB /* PokeShop */ = {
			isa = PBXGroup;
			children = (
				DEC0419C289A3C1000C6A414 /* Info.plist */,
				DEC04197289A3A3800C6A414 /* pokegif.gif */,
				DE25BA772897F88800306CF6 /* GoogleService-Info.plist */,
				DE53F92C289689C1008755FB /* ViewModels */,
				DE53F90E28967F50008755FB /* PokeShop.swift */,
				DE53F922289682C9008755FB /* Views */,
				DE53F91C28968008008755FB /* Models */,
				DE53F91228967F53008755FB /* Assets.xcassets */,
				DE53F91428967F53008755FB /* Preview Content */,
			);
			path = PokeShop;
			sourceTree = "<group>";
		};
		DE53F91428967F53008755FB /* Preview Content */ = {
			isa = PBXGroup;
			children = (
				DE53F91528967F53008755FB /* Preview Assets.xcassets */,
			);
			path = "Preview Content";
			sourceTree = "<group>";
		};
		DE53F91C28968008008755FB /* Models */ = {
			isa = PBXGroup;
			children = (
				DE1F05C1289A4CB700F29A96 /* Pokemon.swift */,
				DE53F91D28968012008755FB /* Item.swift */,
				DEFFE76028A0CD2F009CCFED /* Cart.swift */,
			);
			path = Models;
			sourceTree = "<group>";
		};
		DE53F91F289680A8008755FB /* Components */ = {
			isa = PBXGroup;
			children = (
				DE53F920289680B9008755FB /* ProductCard.swift */,
				DE53F923289683C8008755FB /* CartButton.swift */,
				DE53F92A2896883B008755FB /* ProductRow.swift */,
			);
			path = Components;
			sourceTree = "<group>";
		};
		DE53F922289682C9008755FB /* Views */ = {
			isa = PBXGroup;
			children = (
				DE53F91F289680A8008755FB /* Components */,
				DE1F05B2289A4C7A00F29A96 /* InfoViews */,
				DE53F91028967F50008755FB /* ContentView.swift */,
				DE53F926289684AB008755FB /* CartView.swift */,
				DEC058AB289929EB0021202B /* LoginView.swift */,
				DE70534D289BC8140070B5CE /* ItemDetailView.swift */,
				DE54711E289D03E100C52405 /* SideMenu.swift */,
			);
			path = Views;
			sourceTree = "<group>";
		};
		DE53F92C289689C1008755FB /* ViewModels */ = {
			isa = PBXGroup;
			children = (
				DE1F05B3289A4CA100F29A96 /* PokemonViewModel.swift */,
				DE53F9282896864C008755FB /* CartManager.swift */,
				DEC058A92898F3E90021202B /* AppViewModel.swift */,
			);
			path = ViewModels;
			sourceTree = "<group>";
		};
		DE54711D289CEDAD00C52405 /* InfoComponents */ = {
			isa = PBXGroup;
			children = (
				DE1F05BA289A4CAC00F29A96 /* PokemonCell.swift */,
				DE1F05B6289A4CAB00F29A96 /* ProgressBar.swift */,
				DE1F05B9289A4CAC00F29A96 /* ProgressBarRow.swift */,
			);
			path = InfoComponents;
			sourceTree = "<group>";
		};
		DF324610A0BC653CE2978F3C /* Frameworks */ = {
			isa = PBXGroup;
			children = (
				DCB51262822E21E04076A010 /* Pods_SweaterShopDemo.framework */,
			);
			name = Frameworks;
			sourceTree = "<group>";
		};
/* End PBXGroup section */

/* Begin PBXNativeTarget section */
		DE53F90A28967F50008755FB /* PokeShop */ = {
			isa = PBXNativeTarget;
			buildConfigurationList = DE53F91928967F53008755FB /* Build configuration list for PBXNativeTarget "PokeShop" */;
			buildPhases = (
				91BB3AF9DED49988B463C5B8 /* [CP] Check Pods Manifest.lock */,
				DE53F90728967F50008755FB /* Sources */,
				DE53F90828967F50008755FB /* Frameworks */,
				DE53F90928967F50008755FB /* Resources */,
				83802C537E3569491171E66B /* [CP] Embed Pods Frameworks */,
			);
			buildRules = (
			);
			dependencies = (
			);
			name = PokeShop;
			packageProductDependencies = (
				DE705342289AAD480070B5CE /* SDWebImageSwiftUI */,
				DE705345289AAD5A0070B5CE /* Kingfisher */,
			);
			productName = SweaterShopDemo;
			productReference = DE53F90B28967F50008755FB /* PokeShop.app */;
			productType = "com.apple.product-type.application";
		};
/* End PBXNativeTarget section */

/* Begin PBXProject section */
		DE53F90328967F50008755FB /* Project object */ = {
			isa = PBXProject;
			attributes = {
				BuildIndependentTargetsInParallel = 1;
				LastSwiftUpdateCheck = 1340;
				LastUpgradeCheck = 1340;
				TargetAttributes = {
					DE53F90A28967F50008755FB = {
						CreatedOnToolsVersion = 13.4.1;
					};
				};
			};
			buildConfigurationList = DE53F90628967F50008755FB /* Build configuration list for PBXProject "PokeShop" */;
			compatibilityVersion = "Xcode 13.0";
			developmentRegion = en;
			hasScannedForEncodings = 0;
			knownRegions = (
				en,
				Base,
			);
			mainGroup = DE53F90228967F50008755FB;
			packageReferences = (
				DE705341289AAD480070B5CE /* XCRemoteSwiftPackageReference "SDWebImageSwiftUI" */,
				DE705344289AAD5A0070B5CE /* XCRemoteSwiftPackageReference "Kingfisher" */,
			);
			productRefGroup = DE53F90C28967F50008755FB /* Products */;
			projectDirPath = "";
			projectRoot = "";
			targets = (
				DE53F90A28967F50008755FB /* PokeShop */,
			);
		};
/* End PBXProject section */

/* Begin PBXResourcesBuildPhase section */
		DE53F90928967F50008755FB /* Resources */ = {
			isa = PBXResourcesBuildPhase;
			buildActionMask = 2147483647;
			files = (
				DEC04198289A3A3800C6A414 /* pokegif.gif in Resources */,
				DE53F91628967F53008755FB /* Preview Assets.xcassets in Resources */,
				DE25BA782897F88800306CF6 /* GoogleService-Info.plist in Resources */,
				DE53F91328967F53008755FB /* Assets.xcassets in Resources */,
			);
			runOnlyForDeploymentPostprocessing = 0;
		};
/* End PBXResourcesBuildPhase section */

/* Begin PBXShellScriptBuildPhase section */
		83802C537E3569491171E66B /* [CP] Embed Pods Frameworks */ = {
			isa = PBXShellScriptBuildPhase;
			buildActionMask = 2147483647;
			files = (
			);
			inputFileListPaths = (
				"${PODS_ROOT}/Target Support Files/Pods-SweaterShopDemo/Pods-SweaterShopDemo-frameworks-${CONFIGURATION}-input-files.xcfilelist",
			);
			name = "[CP] Embed Pods Frameworks";
			outputFileListPaths = (
				"${PODS_ROOT}/Target Support Files/Pods-SweaterShopDemo/Pods-SweaterShopDemo-frameworks-${CONFIGURATION}-output-files.xcfilelist",
			);
			runOnlyForDeploymentPostprocessing = 0;
			shellPath = /bin/sh;
			shellScript = "\"${PODS_ROOT}/Target Support Files/Pods-SweaterShopDemo/Pods-SweaterShopDemo-frameworks.sh\"\n";
			showEnvVarsInLog = 0;
		};
		91BB3AF9DED49988B463C5B8 /* [CP] Check Pods Manifest.lock */ = {
			isa = PBXShellScriptBuildPhase;
			buildActionMask = 2147483647;
			files = (
			);
			inputFileListPaths = (
			);
			inputPaths = (
				"${PODS_PODFILE_DIR_PATH}/Podfile.lock",
				"${PODS_ROOT}/Manifest.lock",
			);
			name = "[CP] Check Pods Manifest.lock";
			outputFileListPaths = (
			);
			outputPaths = (
				"$(DERIVED_FILE_DIR)/Pods-SweaterShopDemo-checkManifestLockResult.txt",
			);
			runOnlyForDeploymentPostprocessing = 0;
			shellPath = /bin/sh;
			shellScript = "diff \"${PODS_PODFILE_DIR_PATH}/Podfile.lock\" \"${PODS_ROOT}/Manifest.lock\" > /dev/null\nif [ $? != 0 ] ; then\n    # print error to STDERR\n    echo \"error: The sandbox is not in sync with the Podfile.lock. Run 'pod install' or update your CocoaPods installation.\" >&2\n    exit 1\nfi\n# This output is used by Xcode 'outputs' to avoid re-running this script phase.\necho \"SUCCESS\" > \"${SCRIPT_OUTPUT_FILE_0}\"\n";
			showEnvVarsInLog = 0;
		};
/* End PBXShellScriptBuildPhase section */

/* Begin PBXSourcesBuildPhase section */
		DE53F90728967F50008755FB /* Sources */ = {
			isa = PBXSourcesBuildPhase;
			buildActionMask = 2147483647;
			files = (
				DE1F05C0289A4CAC00F29A96 /* PokemonCell.swift in Sources */,
				DE53F927289684AB008755FB /* CartView.swift in Sources */,
				DE1F05BF289A4CAC00F29A96 /* ProgressBarRow.swift in Sources */,
				DE1F05BD289A4CAC00F29A96 /* PokedexView.swift in Sources */,
				DE1F05C2289A4CB800F29A96 /* Pokemon.swift in Sources */,
				DE53F91128967F50008755FB /* ContentView.swift in Sources */,
				DEC058AA2898F3E90021202B /* AppViewModel.swift in Sources */,
				DEFFE76128A0CD2F009CCFED /* Cart.swift in Sources */,
				DE53F9292896864C008755FB /* CartManager.swift in Sources */,
				DE53F90F28967F50008755FB /* PokeShop.swift in Sources */,
				DE53F92B2896883B008755FB /* ProductRow.swift in Sources */,
				DE53F91E28968012008755FB /* Item.swift in Sources */,
				DE1F05B4289A4CA100F29A96 /* PokemonViewModel.swift in Sources */,
				DE70534E289BC8140070B5CE /* ItemDetailView.swift in Sources */,
				DE1F05BB289A4CAC00F29A96 /* PokeDetailView.swift in Sources */,
				DEC058AC289929EB0021202B /* LoginView.swift in Sources */,
				DE54711F289D03E100C52405 /* SideMenu.swift in Sources */,
				DE1F05BC289A4CAC00F29A96 /* ProgressBar.swift in Sources */,
				DE53F921289680B9008755FB /* ProductCard.swift in Sources */,
				DE53F924289683C8008755FB /* CartButton.swift in Sources */,
			);
			runOnlyForDeploymentPostprocessing = 0;
		};
/* End PBXSourcesBuildPhase section */

/* Begin XCBuildConfiguration section */
		DE53F91728967F53008755FB /* Debug */ = {
			isa = XCBuildConfiguration;
			buildSettings = {
				ALWAYS_SEARCH_USER_PATHS = NO;
				CLANG_ANALYZER_NONNULL = YES;
				CLANG_ANALYZER_NUMBER_OBJECT_CONVERSION = YES_AGGRESSIVE;
				CLANG_CXX_LANGUAGE_STANDARD = "gnu++17";
				CLANG_ENABLE_MODULES = YES;
				CLANG_ENABLE_OBJC_ARC = YES;
				CLANG_ENABLE_OBJC_WEAK = YES;
				CLANG_WARN_BLOCK_CAPTURE_AUTORELEASING = YES;
				CLANG_WARN_BOOL_CONVERSION = YES;
				CLANG_WARN_COMMA = YES;
				CLANG_WARN_CONSTANT_CONVERSION = YES;
				CLANG_WARN_DEPRECATED_OBJC_IMPLEMENTATIONS = YES;
				CLANG_WARN_DIRECT_OBJC_ISA_USAGE = YES_ERROR;
				CLANG_WARN_DOCUMENTATION_COMMENTS = YES;
				CLANG_WARN_EMPTY_BODY = YES;
				CLANG_WARN_ENUM_CONVERSION = YES;
				CLANG_WARN_INFINITE_RECURSION = YES;
				CLANG_WARN_INT_CONVERSION = YES;
				CLANG_WARN_NON_LITERAL_NULL_CONVERSION = YES;
				CLANG_WARN_OBJC_IMPLICIT_RETAIN_SELF = YES;
				CLANG_WARN_OBJC_LITERAL_CONVERSION = YES;
				CLANG_WARN_OBJC_ROOT_CLASS = YES_ERROR;
				CLANG_WARN_QUOTED_INCLUDE_IN_FRAMEWORK_HEADER = YES;
				CLANG_WARN_RANGE_LOOP_ANALYSIS = YES;
				CLANG_WARN_STRICT_PROTOTYPES = YES;
				CLANG_WARN_SUSPICIOUS_MOVE = YES;
				CLANG_WARN_UNGUARDED_AVAILABILITY = YES_AGGRESSIVE;
				CLANG_WARN_UNREACHABLE_CODE = YES;
				CLANG_WARN__DUPLICATE_METHOD_MATCH = YES;
				COPY_PHASE_STRIP = NO;
				DEBUG_INFORMATION_FORMAT = dwarf;
				ENABLE_STRICT_OBJC_MSGSEND = YES;
				ENABLE_TESTABILITY = YES;
				GCC_C_LANGUAGE_STANDARD = gnu11;
				GCC_DYNAMIC_NO_PIC = NO;
				GCC_NO_COMMON_BLOCKS = YES;
				GCC_OPTIMIZATION_LEVEL = 0;
				GCC_PREPROCESSOR_DEFINITIONS = (
					"DEBUG=1",
					"$(inherited)",
				);
				GCC_WARN_64_TO_32_BIT_CONVERSION = YES;
				GCC_WARN_ABOUT_RETURN_TYPE = YES_ERROR;
				GCC_WARN_UNDECLARED_SELECTOR = YES;
				GCC_WARN_UNINITIALIZED_AUTOS = YES_AGGRESSIVE;
				GCC_WARN_UNUSED_FUNCTION = YES;
				GCC_WARN_UNUSED_VARIABLE = YES;
				IPHONEOS_DEPLOYMENT_TARGET = 15.5;
				MTL_ENABLE_DEBUG_INFO = INCLUDE_SOURCE;
				MTL_FAST_MATH = YES;
				ONLY_ACTIVE_ARCH = YES;
				SDKROOT = iphoneos;
				SWIFT_ACTIVE_COMPILATION_CONDITIONS = DEBUG;
				SWIFT_OPTIMIZATION_LEVEL = "-Onone";
			};
			name = Debug;
		};
		DE53F91828967F53008755FB /* Release */ = {
			isa = XCBuildConfiguration;
			buildSettings = {
				ALWAYS_SEARCH_USER_PATHS = NO;
				CLANG_ANALYZER_NONNULL = YES;
				CLANG_ANALYZER_NUMBER_OBJECT_CONVERSION = YES_AGGRESSIVE;
				CLANG_CXX_LANGUAGE_STANDARD = "gnu++17";
				CLANG_ENABLE_MODULES = YES;
				CLANG_ENABLE_OBJC_ARC = YES;
				CLANG_ENABLE_OBJC_WEAK = YES;
				CLANG_WARN_BLOCK_CAPTURE_AUTORELEASING = YES;
				CLANG_WARN_BOOL_CONVERSION = YES;
				CLANG_WARN_COMMA = YES;
				CLANG_WARN_CONSTANT_CONVERSION = YES;
				CLANG_WARN_DEPRECATED_OBJC_IMPLEMENTATIONS = YES;
				CLANG_WARN_DIRECT_OBJC_ISA_USAGE = YES_ERROR;
				CLANG_WARN_DOCUMENTATION_COMMENTS = YES;
				CLANG_WARN_EMPTY_BODY = YES;
				CLANG_WARN_ENUM_CONVERSION = YES;
				CLANG_WARN_INFINITE_RECURSION = YES;
				CLANG_WARN_INT_CONVERSION = YES;
				CLANG_WARN_NON_LITERAL_NULL_CONVERSION = YES;
				CLANG_WARN_OBJC_IMPLICIT_RETAIN_SELF = YES;
				CLANG_WARN_OBJC_LITERAL_CONVERSION = YES;
				CLANG_WARN_OBJC_ROOT_CLASS = YES_ERROR;
				CLANG_WARN_QUOTED_INCLUDE_IN_FRAMEWORK_HEADER = YES;
				CLANG_WARN_RANGE_LOOP_ANALYSIS = YES;
				CLANG_WARN_STRICT_PROTOTYPES = YES;
				CLANG_WARN_SUSPICIOUS_MOVE = YES;
				CLANG_WARN_UNGUARDED_AVAILABILITY = YES_AGGRESSIVE;
				CLANG_WARN_UNREACHABLE_CODE = YES;
				CLANG_WARN__DUPLICATE_METHOD_MATCH = YES;
				COPY_PHASE_STRIP = NO;
				DEBUG_INFORMATION_FORMAT = "dwarf-with-dsym";
				ENABLE_NS_ASSERTIONS = NO;
				ENABLE_STRICT_OBJC_MSGSEND = YES;
				GCC_C_LANGUAGE_STANDARD = gnu11;
				GCC_NO_COMMON_BLOCKS = YES;
				GCC_WARN_64_TO_32_BIT_CONVERSION = YES;
				GCC_WARN_ABOUT_RETURN_TYPE = YES_ERROR;
				GCC_WARN_UNDECLARED_SELECTOR = YES;
				GCC_WARN_UNINITIALIZED_AUTOS = YES_AGGRESSIVE;
				GCC_WARN_UNUSED_FUNCTION = YES;
				GCC_WARN_UNUSED_VARIABLE = YES;
				IPHONEOS_DEPLOYMENT_TARGET = 15.5;
				MTL_ENABLE_DEBUG_INFO = NO;
				MTL_FAST_MATH = YES;
				SDKROOT = iphoneos;
				SWIFT_COMPILATION_MODE = wholemodule;
				SWIFT_OPTIMIZATION_LEVEL = "-O";
				VALIDATE_PRODUCT = YES;
			};
			name = Release;
		};
		DE53F91A28967F53008755FB /* Debug */ = {
			isa = XCBuildConfiguration;
			baseConfigurationReference = 2A3E047FF9510178EE042890 /* Pods-SweaterShopDemo.debug.xcconfig */;
			buildSettings = {
				ASSETCATALOG_COMPILER_APPICON_NAME = AppIcon;
				ASSETCATALOG_COMPILER_GLOBAL_ACCENT_COLOR_NAME = AccentColor;
				CODE_SIGN_STYLE = Automatic;
				CURRENT_PROJECT_VERSION = 1;
				DEVELOPMENT_ASSET_PATHS = "\"PokeShop/Preview Content\"";
				DEVELOPMENT_TEAM = 7CRNJ953YN;
				ENABLE_PREVIEWS = YES;
				GENERATE_INFOPLIST_FILE = YES;
				INFOPLIST_FILE = PokeShop/Info.plist;
				INFOPLIST_KEY_UIApplicationSceneManifest_Generation = YES;
				INFOPLIST_KEY_UIApplicationSupportsIndirectInputEvents = YES;
				INFOPLIST_KEY_UISupportedInterfaceOrientations_iPad = "UIInterfaceOrientationPortrait UIInterfaceOrientationPortraitUpsideDown UIInterfaceOrientationLandscapeLeft UIInterfaceOrientationLandscapeRight";
				INFOPLIST_KEY_UISupportedInterfaceOrientations_iPhone = "UIInterfaceOrientationPortrait UIInterfaceOrientationLandscapeLeft UIInterfaceOrientationLandscapeRight";
				LD_RUNPATH_SEARCH_PATHS = (
					"$(inherited)",
					"@executable_path/Frameworks",
				);
				MARKETING_VERSION = 1.0;
				PRODUCT_BUNDLE_IDENTIFIER = com.omerKilicaslan.SweaterShopDemo;
				PRODUCT_NAME = "$(TARGET_NAME)";
				SWIFT_EMIT_LOC_STRINGS = YES;
				SWIFT_VERSION = 5.0;
				TARGETED_DEVICE_FAMILY = "1,2";
			};
			name = Debug;
		};
		DE53F91B28967F53008755FB /* Release */ = {
			isa = XCBuildConfiguration;
			baseConfigurationReference = 95120BBB7482CD01E5096102 /* Pods-SweaterShopDemo.release.xcconfig */;
			buildSettings = {
				ASSETCATALOG_COMPILER_APPICON_NAME = AppIcon;
				ASSETCATALOG_COMPILER_GLOBAL_ACCENT_COLOR_NAME = AccentColor;
				CODE_SIGN_STYLE = Automatic;
				CURRENT_PROJECT_VERSION = 1;
				DEVELOPMENT_ASSET_PATHS = "\"PokeShop/Preview Content\"";
				DEVELOPMENT_TEAM = 7CRNJ953YN;
				ENABLE_PREVIEWS = YES;
				GENERATE_INFOPLIST_FILE = YES;
				INFOPLIST_FILE = PokeShop/Info.plist;
				INFOPLIST_KEY_UIApplicationSceneManifest_Generation = YES;
				INFOPLIST_KEY_UIApplicationSupportsIndirectInputEvents = YES;
				INFOPLIST_KEY_UISupportedInterfaceOrientations_iPad = "UIInterfaceOrientationPortrait UIInterfaceOrientationPortraitUpsideDown UIInterfaceOrientationLandscapeLeft UIInterfaceOrientationLandscapeRight";
				INFOPLIST_KEY_UISupportedInterfaceOrientations_iPhone = "UIInterfaceOrientationPortrait UIInterfaceOrientationLandscapeLeft UIInterfaceOrientationLandscapeRight";
				LD_RUNPATH_SEARCH_PATHS = (
					"$(inherited)",
					"@executable_path/Frameworks",
				);
				MARKETING_VERSION = 1.0;
				PRODUCT_BUNDLE_IDENTIFIER = com.omerKilicaslan.SweaterShopDemo;
				PRODUCT_NAME = "$(TARGET_NAME)";
				SWIFT_EMIT_LOC_STRINGS = YES;
				SWIFT_VERSION = 5.0;
				TARGETED_DEVICE_FAMILY = "1,2";
			};
			name = Release;
		};
/* End XCBuildConfiguration section */

/* Begin XCConfigurationList section */
		DE53F90628967F50008755FB /* Build configuration list for PBXProject "PokeShop" */ = {
			isa = XCConfigurationList;
			buildConfigurations = (
				DE53F91728967F53008755FB /* Debug */,
				DE53F91828967F53008755FB /* Release */,
			);
			defaultConfigurationIsVisible = 0;
			defaultConfigurationName = Release;
		};
		DE53F91928967F53008755FB /* Build configuration list for PBXNativeTarget "PokeShop" */ = {
			isa = XCConfigurationList;
			buildConfigurations = (
				DE53F91A28967F53008755FB /* Debug */,
				DE53F91B28967F53008755FB /* Release */,
			);
			defaultConfigurationIsVisible = 0;
			defaultConfigurationName = Release;
		};
/* End XCConfigurationList section */

/* Begin XCRemoteSwiftPackageReference section */
		DE705341289AAD480070B5CE /* XCRemoteSwiftPackageReference "SDWebImageSwiftUI" */ = {
			isa = XCRemoteSwiftPackageReference;
			repositoryURL = "https://github.com/SDWebImage/SDWebImageSwiftUI";
			requirement = {
				kind = upToNextMajorVersion;
				minimumVersion = 2.0.0;
			};
		};
		DE705344289AAD5A0070B5CE /* XCRemoteSwiftPackageReference "Kingfisher" */ = {
			isa = XCRemoteSwiftPackageReference;
			repositoryURL = "https://github.com/onevcat/Kingfisher.git";
			requirement = {
				branch = master;
				kind = branch;
			};
		};
/* End XCRemoteSwiftPackageReference section */

/* Begin XCSwiftPackageProductDependency section */
		DE705342289AAD480070B5CE /* SDWebImageSwiftUI */ = {
			isa = XCSwiftPackageProductDependency;
			package = DE705341289AAD480070B5CE /* XCRemoteSwiftPackageReference "SDWebImageSwiftUI" */;
			productName = SDWebImageSwiftUI;
		};
		DE705345289AAD5A0070B5CE /* Kingfisher */ = {
			isa = XCSwiftPackageProductDependency;
			package = DE705344289AAD5A0070B5CE /* XCRemoteSwiftPackageReference "Kingfisher" */;
			productName = Kingfisher;
		};
/* End XCSwiftPackageProductDependency section */
	};
	rootObject = DE53F90328967F50008755FB /* Project object */;
}
